
Microsoft Visual Studio Solution File, Format Version 12.00
# Visual Studio 15
VisualStudioVersion = 15.0.27130.2036
MinimumVisualStudioVersion = 10.0.40219.1
Project("{9A19103F-16F7-4668-BE54-9A1E7A4F7556}") = "RobotController.ViewModel", "RobotController.ViewModel\RobotController.ViewModel.csproj", "{E8F128B8-ACFC-4957-8FFD-E2065D3E2D2B}"
EndProject
Project("{9A19103F-16F7-4668-BE54-9A1E7A4F7556}") = "RobotController.WPF", "RobotController.WPF\RobotController.WPF.csproj", "{5FF49365-D842-4674-BE26-F8944DA9BEA7}"
EndProject
Project("{9A19103F-16F7-4668-BE54-9A1E7A4F7556}") = "RobotController.ViewModel.Tests", "RobotController.ViewModel.Tests\RobotController.ViewModel.Tests.csproj", "{326C8A31-9C3E-4FF0-A621-19407EA4EB50}"
EndProject
Project("{9A19103F-16F7-4668-BE54-9A1E7A4F7556}") = "RobotController.Model", "RobotController.Model\RobotController.Model.csproj", "{B51A55DD-4D41-4C3D-A283-369589FDACB2}"
EndProject
Project("{8BC9CEB8-8B4A-11D0-8D11-00A0C91BC942}") = "wallewebserver", "RobotController.MicroController\wallewebserver.vcxproj", "{C5F80730-F44F-4478-BDAE-6634EFC2CA88}"
EndProject
Project("{FAE04EC0-301F-11D3-BF4B-00C04F79EFBC}") = "RobotController.Xamarin.Forms.Android", "RobotController.Xamarin.Forms\RobotController.Xamarin.Forms.Android\RobotController.Xamarin.Forms.Android.csproj", "{4699832E-406D-4067-A735-C48CAD0EFCA2}"
EndProject
Project("{FAE04EC0-301F-11D3-BF4B-00C04F79EFBC}") = "RobotController.Xamarin.Forms.UWP", "RobotController.Xamarin.Forms\RobotController.Xamarin.Forms.UWP\RobotController.Xamarin.Forms.UWP.csproj", "{B17A13BB-C390-48B3-98B6-7D6FE5C1DD16}"
EndProject
Project("{9A19103F-16F7-4668-BE54-9A1E7A4F7556}") = "RobotController.Xamarin.Forms", "RobotController.Xamarin.Forms\RobotController.Xamarin.Forms\RobotController.Xamarin.Forms.csproj", "{2E5A33DA-8B7A-4806-94D8-AF408CE07A8C}"
EndProject
Project("{FAE04EC0-301F-11D3-BF4B-00C04F79EFBC}") = "RobotController.Common", "RobotController.Common\RobotController.Common.csproj", "{ECA2CD5D-4DDD-409B-9EC9-D07466CD5292}"
EndProject
Global
	GlobalSection(SolutionConfigurationPlatforms) = preSolution
		Debug|Any CPU = Debug|Any CPU
		Debug|ARM = Debug|ARM
		Debug|x64 = Debug|x64
		Debug|x86 = Debug|x86
		Release|Any CPU = Release|Any CPU
		Release|ARM = Release|ARM
		Release|x64 = Release|x64
		Release|x86 = Release|x86
	EndGlobalSection
	GlobalSection(ProjectConfigurationPlatforms) = postSolution
		{E8F128B8-ACFC-4957-8FFD-E2065D3E2D2B}.Debug|Any CPU.ActiveCfg = Debug|Any CPU
		{E8F128B8-ACFC-4957-8FFD-E2065D3E2D2B}.Debug|Any CPU.Build.0 = Debug|Any CPU
		{E8F128B8-ACFC-4957-8FFD-E2065D3E2D2B}.Debug|ARM.ActiveCfg = Debug|Any CPU
		{E8F128B8-ACFC-4957-8FFD-E2065D3E2D2B}.Debug|ARM.Build.0 = Debug|Any CPU
		{E8F128B8-ACFC-4957-8FFD-E2065D3E2D2B}.Debug|x64.ActiveCfg = Debug|Any CPU
		{E8F128B8-ACFC-4957-8FFD-E2065D3E2D2B}.Debug|x64.Build.0 = Debug|Any CPU
		{E8F128B8-ACFC-4957-8FFD-E2065D3E2D2B}.Debug|x86.ActiveCfg = Debug|Any CPU
		{E8F128B8-ACFC-4957-8FFD-E2065D3E2D2B}.Debug|x86.Build.0 = Debug|Any CPU
		{E8F128B8-ACFC-4957-8FFD-E2065D3E2D2B}.Release|Any CPU.ActiveCfg = Release|Any CPU
		{E8F128B8-ACFC-4957-8FFD-E2065D3E2D2B}.Release|Any CPU.Build.0 = Release|Any CPU
		{E8F128B8-ACFC-4957-8FFD-E2065D3E2D2B}.Release|ARM.ActiveCfg = Release|Any CPU
		{E8F128B8-ACFC-4957-8FFD-E2065D3E2D2B}.Release|ARM.Build.0 = Release|Any CPU
		{E8F128B8-ACFC-4957-8FFD-E2065D3E2D2B}.Release|x64.ActiveCfg = Release|Any CPU
		{E8F128B8-ACFC-4957-8FFD-E2065D3E2D2B}.Release|x64.Build.0 = Release|Any CPU
		{E8F128B8-ACFC-4957-8FFD-E2065D3E2D2B}.Release|x86.ActiveCfg = Release|Any CPU
		{E8F128B8-ACFC-4957-8FFD-E2065D3E2D2B}.Release|x86.Build.0 = Release|Any CPU
		{5FF49365-D842-4674-BE26-F8944DA9BEA7}.Debug|Any CPU.ActiveCfg = Debug|Any CPU
		{5FF49365-D842-4674-BE26-F8944DA9BEA7}.Debug|Any CPU.Build.0 = Debug|Any CPU
		{5FF49365-D842-4674-BE26-F8944DA9BEA7}.Debug|ARM.ActiveCfg = Debug|Any CPU
		{5FF49365-D842-4674-BE26-F8944DA9BEA7}.Debug|ARM.Build.0 = Debug|Any CPU
		{5FF49365-D842-4674-BE26-F8944DA9BEA7}.Debug|x64.ActiveCfg = Debug|Any CPU
		{5FF49365-D842-4674-BE26-F8944DA9BEA7}.Debug|x64.Build.0 = Debug|Any CPU
		{5FF49365-D842-4674-BE26-F8944DA9BEA7}.Debug|x86.ActiveCfg = Debug|Any CPU
		{5FF49365-D842-4674-BE26-F8944DA9BEA7}.Debug|x86.Build.0 = Debug|Any CPU
		{5FF49365-D842-4674-BE26-F8944DA9BEA7}.Release|Any CPU.ActiveCfg = Release|Any CPU
		{5FF49365-D842-4674-BE26-F8944DA9BEA7}.Release|Any CPU.Build.0 = Release|Any CPU
		{5FF49365-D842-4674-BE26-F8944DA9BEA7}.Release|ARM.ActiveCfg = Release|Any CPU
		{5FF49365-D842-4674-BE26-F8944DA9BEA7}.Release|ARM.Build.0 = Release|Any CPU
		{5FF49365-D842-4674-BE26-F8944DA9BEA7}.Release|x64.ActiveCfg = Release|Any CPU
		{5FF49365-D842-4674-BE26-F8944DA9BEA7}.Release|x64.Build.0 = Release|Any CPU
		{5FF49365-D842-4674-BE26-F8944DA9BEA7}.Release|x86.ActiveCfg = Release|Any CPU
		{5FF49365-D842-4674-BE26-F8944DA9BEA7}.Release|x86.Build.0 = Release|Any CPU
		{326C8A31-9C3E-4FF0-A621-19407EA4EB50}.Debug|Any CPU.ActiveCfg = Debug|Any CPU
		{326C8A31-9C3E-4FF0-A621-19407EA4EB50}.Debug|Any CPU.Build.0 = Debug|Any CPU
		{326C8A31-9C3E-4FF0-A621-19407EA4EB50}.Debug|ARM.ActiveCfg = Debug|Any CPU
		{326C8A31-9C3E-4FF0-A621-19407EA4EB50}.Debug|ARM.Build.0 = Debug|Any CPU
		{326C8A31-9C3E-4FF0-A621-19407EA4EB50}.Debug|x64.ActiveCfg = Debug|Any CPU
		{326C8A31-9C3E-4FF0-A621-19407EA4EB50}.Debug|x64.Build.0 = Debug|Any CPU
		{326C8A31-9C3E-4FF0-A621-19407EA4EB50}.Debug|x86.ActiveCfg = Debug|Any CPU
		{326C8A31-9C3E-4FF0-A621-19407EA4EB50}.Debug|x86.Build.0 = Debug|Any CPU
		{326C8A31-9C3E-4FF0-A621-19407EA4EB50}.Release|Any CPU.ActiveCfg = Release|Any CPU
		{326C8A31-9C3E-4FF0-A621-19407EA4EB50}.Release|Any CPU.Build.0 = Release|Any CPU
		{326C8A31-9C3E-4FF0-A621-19407EA4EB50}.Release|ARM.ActiveCfg = Release|Any CPU
		{326C8A31-9C3E-4FF0-A621-19407EA4EB50}.Release|ARM.Build.0 = Release|Any CPU
		{326C8A31-9C3E-4FF0-A621-19407EA4EB50}.Release|x64.ActiveCfg = Release|Any CPU
		{326C8A31-9C3E-4FF0-A621-19407EA4EB50}.Release|x64.Build.0 = Release|Any CPU
		{326C8A31-9C3E-4FF0-A621-19407EA4EB50}.Release|x86.ActiveCfg = Release|Any CPU
		{326C8A31-9C3E-4FF0-A621-19407EA4EB50}.Release|x86.Build.0 = Release|Any CPU
		{B51A55DD-4D41-4C3D-A283-369589FDACB2}.Debug|Any CPU.ActiveCfg = Debug|Any CPU
		{B51A55DD-4D41-4C3D-A283-369589FDACB2}.Debug|Any CPU.Build.0 = Debug|Any CPU
		{B51A55DD-4D41-4C3D-A283-369589FDACB2}.Debug|ARM.ActiveCfg = Debug|Any CPU
		{B51A55DD-4D41-4C3D-A283-369589FDACB2}.Debug|ARM.Build.0 = Debug|Any CPU
		{B51A55DD-4D41-4C3D-A283-369589FDACB2}.Debug|x64.ActiveCfg = Debug|Any CPU
		{B51A55DD-4D41-4C3D-A283-369589FDACB2}.Debug|x64.Build.0 = Debug|Any CPU
		{B51A55DD-4D41-4C3D-A283-369589FDACB2}.Debug|x86.ActiveCfg = Debug|Any CPU
		{B51A55DD-4D41-4C3D-A283-369589FDACB2}.Debug|x86.Build.0 = Debug|Any CPU
		{B51A55DD-4D41-4C3D-A283-369589FDACB2}.Release|Any CPU.ActiveCfg = Release|Any CPU
		{B51A55DD-4D41-4C3D-A283-369589FDACB2}.Release|Any CPU.Build.0 = Release|Any CPU
		{B51A55DD-4D41-4C3D-A283-369589FDACB2}.Release|ARM.ActiveCfg = Release|Any CPU
		{B51A55DD-4D41-4C3D-A283-369589FDACB2}.Release|ARM.Build.0 = Release|Any CPU
		{B51A55DD-4D41-4C3D-A283-369589FDACB2}.Release|x64.ActiveCfg = Release|Any CPU
		{B51A55DD-4D41-4C3D-A283-369589FDACB2}.Release|x64.Build.0 = Release|Any CPU
		{B51A55DD-4D41-4C3D-A283-369589FDACB2}.Release|x86.ActiveCfg = Release|Any CPU
		{B51A55DD-4D41-4C3D-A283-369589FDACB2}.Release|x86.Build.0 = Release|Any CPU
		{C5F80730-F44F-4478-BDAE-6634EFC2CA88}.Debug|Any CPU.ActiveCfg = Debug|Win32
		{C5F80730-F44F-4478-BDAE-6634EFC2CA88}.Debug|ARM.ActiveCfg = Debug|Win32
		{C5F80730-F44F-4478-BDAE-6634EFC2CA88}.Debug|x64.ActiveCfg = Debug|Win32
		{C5F80730-F44F-4478-BDAE-6634EFC2CA88}.Debug|x86.ActiveCfg = Debug|Win32
		{C5F80730-F44F-4478-BDAE-6634EFC2CA88}.Debug|x86.Build.0 = Debug|Win32
		{C5F80730-F44F-4478-BDAE-6634EFC2CA88}.Release|Any CPU.ActiveCfg = Release|Win32
		{C5F80730-F44F-4478-BDAE-6634EFC2CA88}.Release|ARM.ActiveCfg = Release|Win32
		{C5F80730-F44F-4478-BDAE-6634EFC2CA88}.Release|x64.ActiveCfg = Release|Win32
		{C5F80730-F44F-4478-BDAE-6634EFC2CA88}.Release|x86.ActiveCfg = Release|Win32
		{C5F80730-F44F-4478-BDAE-6634EFC2CA88}.Release|x86.Build.0 = Release|Win32
		{4699832E-406D-4067-A735-C48CAD0EFCA2}.Debug|Any CPU.ActiveCfg = Debug|Any CPU
		{4699832E-406D-4067-A735-C48CAD0EFCA2}.Debug|Any CPU.Build.0 = Debug|Any CPU
		{4699832E-406D-4067-A735-C48CAD0EFCA2}.Debug|Any CPU.Deploy.0 = Debug|Any CPU
		{4699832E-406D-4067-A735-C48CAD0EFCA2}.Debug|ARM.ActiveCfg = Debug|Any CPU
		{4699832E-406D-4067-A735-C48CAD0EFCA2}.Debug|ARM.Build.0 = Debug|Any CPU
		{4699832E-406D-4067-A735-C48CAD0EFCA2}.Debug|ARM.Deploy.0 = Debug|Any CPU
		{4699832E-406D-4067-A735-C48CAD0EFCA2}.Debug|x64.ActiveCfg = Debug|Any CPU
		{4699832E-406D-4067-A735-C48CAD0EFCA2}.Debug|x64.Build.0 = Debug|Any CPU
		{4699832E-406D-4067-A735-C48CAD0EFCA2}.Debug|x64.Deploy.0 = Debug|Any CPU
		{4699832E-406D-4067-A735-C48CAD0EFCA2}.Debug|x86.ActiveCfg = Debug|Any CPU
		{4699832E-406D-4067-A735-C48CAD0EFCA2}.Debug|x86.Build.0 = Debug|Any CPU
		{4699832E-406D-4067-A735-C48CAD0EFCA2}.Debug|x86.Deploy.0 = Debug|Any CPU
		{4699832E-406D-4067-A735-C48CAD0EFCA2}.Release|Any CPU.ActiveCfg = Release|Any CPU
		{4699832E-406D-4067-A735-C48CAD0EFCA2}.Release|Any CPU.Build.0 = Release|Any CPU
		{4699832E-406D-4067-A735-C48CAD0EFCA2}.Release|Any CPU.Deploy.0 = Release|Any CPU
		{4699832E-406D-4067-A735-C48CAD0EFCA2}.Release|ARM.ActiveCfg = Release|Any CPU
		{4699832E-406D-4067-A735-C48CAD0EFCA2}.Release|ARM.Build.0 = Release|Any CPU
		{4699832E-406D-4067-A735-C48CAD0EFCA2}.Release|ARM.Deploy.0 = Release|Any CPU
		{4699832E-406D-4067-A735-C48CAD0EFCA2}.Release|x64.ActiveCfg = Release|Any CPU
		{4699832E-406D-4067-A735-C48CAD0EFCA2}.Release|x64.Build.0 = Release|Any CPU
		{4699832E-406D-4067-A735-C48CAD0EFCA2}.Release|x64.Deploy.0 = Release|Any CPU
		{4699832E-406D-4067-A735-C48CAD0EFCA2}.Release|x86.ActiveCfg = Release|Any CPU
		{4699832E-406D-4067-A735-C48CAD0EFCA2}.Release|x86.Build.0 = Release|Any CPU
		{4699832E-406D-4067-A735-C48CAD0EFCA2}.Release|x86.Deploy.0 = Release|Any CPU
		{B17A13BB-C390-48B3-98B6-7D6FE5C1DD16}.Debug|Any CPU.ActiveCfg = Debug|x86
		{B17A13BB-C390-48B3-98B6-7D6FE5C1DD16}.Debug|Any CPU.Build.0 = Debug|x86
		{B17A13BB-C390-48B3-98B6-7D6FE5C1DD16}.Debug|ARM.ActiveCfg = Debug|ARM
		{B17A13BB-C390-48B3-98B6-7D6FE5C1DD16}.Debug|ARM.Build.0 = Debug|ARM
		{B17A13BB-C390-48B3-98B6-7D6FE5C1DD16}.Debug|ARM.Deploy.0 = Debug|ARM
		{B17A13BB-C390-48B3-98B6-7D6FE5C1DD16}.Debug|x64.ActiveCfg = Debug|x64
		{B17A13BB-C390-48B3-98B6-7D6FE5C1DD16}.Debug|x64.Build.0 = Debug|x64
		{B17A13BB-C390-48B3-98B6-7D6FE5C1DD16}.Debug|x64.Deploy.0 = Debug|x64
		{B17A13BB-C390-48B3-98B6-7D6FE5C1DD16}.Debug|x86.ActiveCfg = Debug|x86
		{B17A13BB-C390-48B3-98B6-7D6FE5C1DD16}.Debug|x86.Build.0 = Debug|x86
		{B17A13BB-C390-48B3-98B6-7D6FE5C1DD16}.Debug|x86.Deploy.0 = Debug|x86
		{B17A13BB-C390-48B3-98B6-7D6FE5C1DD16}.Release|Any CPU.ActiveCfg = Release|x86
		{B17A13BB-C390-48B3-98B6-7D6FE5C1DD16}.Release|ARM.ActiveCfg = Release|ARM
		{B17A13BB-C390-48B3-98B6-7D6FE5C1DD16}.Release|ARM.Build.0 = Release|ARM
		{B17A13BB-C390-48B3-98B6-7D6FE5C1DD16}.Release|ARM.Deploy.0 = Release|ARM
		{B17A13BB-C390-48B3-98B6-7D6FE5C1DD16}.Release|x64.ActiveCfg = Release|x64
		{B17A13BB-C390-48B3-98B6-7D6FE5C1DD16}.Release|x64.Build.0 = Release|x64
		{B17A13BB-C390-48B3-98B6-7D6FE5C1DD16}.Release|x64.Deploy.0 = Release|x64
		{B17A13BB-C390-48B3-98B6-7D6FE5C1DD16}.Release|x86.ActiveCfg = Release|x86
		{B17A13BB-C390-48B3-98B6-7D6FE5C1DD16}.Release|x86.Build.0 = Release|x86
		{B17A13BB-C390-48B3-98B6-7D6FE5C1DD16}.Release|x86.Deploy.0 = Release|x86
		{2E5A33DA-8B7A-4806-94D8-AF408CE07A8C}.Debug|Any CPU.ActiveCfg = Debug|Any CPU
		{2E5A33DA-8B7A-4806-94D8-AF408CE07A8C}.Debug|Any CPU.Build.0 = Debug|Any CPU
		{2E5A33DA-8B7A-4806-94D8-AF408CE07A8C}.Debug|ARM.ActiveCfg = Debug|Any CPU
		{2E5A33DA-8B7A-4806-94D8-AF408CE07A8C}.Debug|ARM.Build.0 = Debug|Any CPU
		{2E5A33DA-8B7A-4806-94D8-AF408CE07A8C}.Debug|x64.ActiveCfg = Debug|Any CPU
		{2E5A33DA-8B7A-4806-94D8-AF408CE07A8C}.Debug|x64.Build.0 = Debug|Any CPU
		{2E5A33DA-8B7A-4806-94D8-AF408CE07A8C}.Debug|x86.ActiveCfg = Debug|Any CPU
		{2E5A33DA-8B7A-4806-94D8-AF408CE07A8C}.Debug|x86.Build.0 = Debug|Any CPU
		{2E5A33DA-8B7A-4806-94D8-AF408CE07A8C}.Release|Any CPU.ActiveCfg = Release|Any CPU
		{2E5A33DA-8B7A-4806-94D8-AF408CE07A8C}.Release|Any CPU.Build.0 = Release|Any CPU
		{2E5A33DA-8B7A-4806-94D8-AF408CE07A8C}.Release|ARM.ActiveCfg = Release|Any CPU
		{2E5A33DA-8B7A-4806-94D8-AF408CE07A8C}.Release|ARM.Build.0 = Release|Any CPU
		{2E5A33DA-8B7A-4806-94D8-AF408CE07A8C}.Release|x64.ActiveCfg = Release|Any CPU
		{2E5A33DA-8B7A-4806-94D8-AF408CE07A8C}.Release|x64.Build.0 = Release|Any CPU
		{2E5A33DA-8B7A-4806-94D8-AF408CE07A8C}.Release|x86.ActiveCfg = Release|Any CPU
		{2E5A33DA-8B7A-4806-94D8-AF408CE07A8C}.Release|x86.Build.0 = Release|Any CPU
		{ECA2CD5D-4DDD-409B-9EC9-D07466CD5292}.Debug|Any CPU.ActiveCfg = Debug|Any CPU
		{ECA2CD5D-4DDD-409B-9EC9-D07466CD5292}.Debug|Any CPU.Build.0 = Debug|Any CPU
		{ECA2CD5D-4DDD-409B-9EC9-D07466CD5292}.Debug|ARM.ActiveCfg = Debug|Any CPU
		{ECA2CD5D-4DDD-409B-9EC9-D07466CD5292}.Debug|ARM.Build.0 = Debug|Any CPU
		{ECA2CD5D-4DDD-409B-9EC9-D07466CD5292}.Debug|x64.ActiveCfg = Debug|Any CPU
		{ECA2CD5D-4DDD-409B-9EC9-D07466CD5292}.Debug|x64.Build.0 = Debug|Any CPU
		{ECA2CD5D-4DDD-409B-9EC9-D07466CD5292}.Debug|x86.ActiveCfg = Debug|Any CPU
		{ECA2CD5D-4DDD-409B-9EC9-D07466CD5292}.Debug|x86.Build.0 = Debug|Any CPU
		{ECA2CD5D-4DDD-409B-9EC9-D07466CD5292}.Release|Any CPU.ActiveCfg = Release|Any CPU
		{ECA2CD5D-4DDD-409B-9EC9-D07466CD5292}.Release|Any CPU.Build.0 = Release|Any CPU
		{ECA2CD5D-4DDD-409B-9EC9-D07466CD5292}.Release|ARM.ActiveCfg = Release|Any CPU
		{ECA2CD5D-4DDD-409B-9EC9-D07466CD5292}.Release|ARM.Build.0 = Release|Any CPU
		{ECA2CD5D-4DDD-409B-9EC9-D07466CD5292}.Release|x64.ActiveCfg = Release|Any CPU
		{ECA2CD5D-4DDD-409B-9EC9-D07466CD5292}.Release|x64.Build.0 = Release|Any CPU
		{ECA2CD5D-4DDD-409B-9EC9-D07466CD5292}.Release|x86.ActiveCfg = Release|Any CPU
		{ECA2CD5D-4DDD-409B-9EC9-D07466CD5292}.Release|x86.Build.0 = Release|Any CPU
	EndGlobalSection
	GlobalSection(SolutionProperties) = preSolution
		HideSolutionNode = FALSE
	EndGlobalSection
	GlobalSection(ExtensibilityGlobals) = postSolution
		SolutionGuid = {B2EF3E9E-9B7E-48E8-86CB-02F9321E0A85}
	EndGlobalSection
EndGlobal
